// !$*UTF8*$!
{
	archiveVersion = 1;
	classes = {
	};
	objectVersion = 56;
	objects = {

/* Begin PBXBuildFile section */
		D3B0DACD2B2677F60036688F /* AppDelegate.swift in Sources */ = {isa = PBXBuildFile; fileRef = D3B0DACC2B2677F60036688F /* AppDelegate.swift */; };
		D3B0DACF2B2677F60036688F /* GameScene.sks in Resources */ = {isa = PBXBuildFile; fileRef = D3B0DACE2B2677F60036688F /* GameScene.sks */; };
		D3B0DAD32B2677F60036688F /* GameScene.swift in Sources */ = {isa = PBXBuildFile; fileRef = D3B0DAD22B2677F60036688F /* GameScene.swift */; };
		D3B0DAD52B2677F60036688F /* GameViewController.swift in Sources */ = {isa = PBXBuildFile; fileRef = D3B0DAD42B2677F60036688F /* GameViewController.swift */; };
		D3B0DAD82B2677F60036688F /* Main.storyboard in Resources */ = {isa = PBXBuildFile; fileRef = D3B0DAD62B2677F60036688F /* Main.storyboard */; };
		D3B0DADD2B2677F80036688F /* LaunchScreen.storyboard in Resources */ = {isa = PBXBuildFile; fileRef = D3B0DADB2B2677F80036688F /* LaunchScreen.storyboard */; };
		D3B0DAE42B27A4500036688F /* Anchor.swift in Sources */ = {isa = PBXBuildFile; fileRef = D3B0DAE32B27A4500036688F /* Anchor.swift */; };
		D3B0DAE62B27A5B70036688F /* Player.swift in Sources */ = {isa = PBXBuildFile; fileRef = D3B0DAE52B27A5B70036688F /* Player.swift */; };
		D3B0DAE82B27A5D70036688F /* Exit.swift in Sources */ = {isa = PBXBuildFile; fileRef = D3B0DAE72B27A5D70036688F /* Exit.swift */; };
		D3FBCE6D2BE82493003F16C9 /* FireParticles.sks in Resources */ = {isa = PBXBuildFile; fileRef = D3FBCE6C2BE82493003F16C9 /* FireParticles.sks */; };
		D3FBCE6F2BE86A38003F16C9 /* Assets.xcassets in Resources */ = {isa = PBXBuildFile; fileRef = D3FBCE6E2BE86A38003F16C9 /* Assets.xcassets */; };
/* End PBXBuildFile section */

/* Begin PBXFileReference section */
		D3B0DAC92B2677F60036688F /* HenweeStickman.app */ = {isa = PBXFileReference; explicitFileType = wrapper.application; includeInIndex = 0; path = HenweeStickman.app; sourceTree = BUILT_PRODUCTS_DIR; };
		D3B0DACC2B2677F60036688F /* AppDelegate.swift */ = {isa = PBXFileReference; lastKnownFileType = sourcecode.swift; path = AppDelegate.swift; sourceTree = "<group>"; };
		D3B0DACE2B2677F60036688F /* GameScene.sks */ = {isa = PBXFileReference; lastKnownFileType = file.sks; path = GameScene.sks; sourceTree = "<group>"; };
		D3B0DAD22B2677F60036688F /* GameScene.swift */ = {isa = PBXFileReference; lastKnownFileType = sourcecode.swift; path = GameScene.swift; sourceTree = "<group>"; };
		D3B0DAD42B2677F60036688F /* GameViewController.swift */ = {isa = PBXFileReference; lastKnownFileType = sourcecode.swift; path = GameViewController.swift; sourceTree = "<group>"; };
		D3B0DAD72B2677F60036688F /* Base */ = {isa = PBXFileReference; lastKnownFileType = file.storyboard; name = Base; path = Base.lproj/Main.storyboard; sourceTree = "<group>"; };
		D3B0DADC2B2677F80036688F /* Base */ = {isa = PBXFileReference; lastKnownFileType = file.storyboard; name = Base; path = Base.lproj/LaunchScreen.storyboard; sourceTree = "<group>"; };
		D3B0DAE32B27A4500036688F /* Anchor.swift */ = {isa = PBXFileReference; lastKnownFileType = sourcecode.swift; path = Anchor.swift; sourceTree = "<group>"; };
		D3B0DAE52B27A5B70036688F /* Player.swift */ = {isa = PBXFileReference; lastKnownFileType = sourcecode.swift; path = Player.swift; sourceTree = "<group>"; };
		D3B0DAE72B27A5D70036688F /* Exit.swift */ = {isa = PBXFileReference; lastKnownFileType = sourcecode.swift; path = Exit.swift; sourceTree = "<group>"; };
		D3E3DE252C447A80006AA33E /* README.md */ = {isa = PBXFileReference; lastKnownFileType = net.daringfireball.markdown; path = README.md; sourceTree = "<group>"; };
		D3FBCE6C2BE82493003F16C9 /* FireParticles.sks */ = {isa = PBXFileReference; lastKnownFileType = file.sks; path = FireParticles.sks; sourceTree = "<group>"; };
		D3FBCE6E2BE86A38003F16C9 /* Assets.xcassets */ = {isa = PBXFileReference; lastKnownFileType = folder.assetcatalog; path = Assets.xcassets; sourceTree = "<group>"; };
/* End PBXFileReference section */

/* Begin PBXFrameworksBuildPhase section */
		D3B0DAC62B2677F60036688F /* Frameworks */ = {
			isa = PBXFrameworksBuildPhase;
			buildActionMask = 2147483647;
			files = (
			);
			runOnlyForDeploymentPostprocessing = 0;
		};
/* End PBXFrameworksBuildPhase section */

/* Begin PBXGroup section */
		D3B0DAC02B2677F60036688F = {
			isa = PBXGroup;
			children = (
				D3E3DE252C447A80006AA33E /* README.md */,
				D3B0DACB2B2677F60036688F /* HenweeStickman */,
				D3B0DACA2B2677F60036688F /* Products */,
			);
			sourceTree = "<group>";
		};
		D3B0DACA2B2677F60036688F /* Products */ = {
			isa = PBXGroup;
			children = (
				D3B0DAC92B2677F60036688F /* HenweeStickman.app */,
			);
			name = Products;
			sourceTree = "<group>";
		};
		D3B0DACB2B2677F60036688F /* HenweeStickman */ = {
			isa = PBXGroup;
			children = (
				D3B0DACC2B2677F60036688F /* AppDelegate.swift */,
				D3B0DACE2B2677F60036688F /* GameScene.sks */,
				D3B0DAD22B2677F60036688F /* GameScene.swift */,
				D3B0DAE32B27A4500036688F /* Anchor.swift */,
				D3B0DAE72B27A5D70036688F /* Exit.swift */,
				D3B0DAE52B27A5B70036688F /* Player.swift */,
				D3B0DAD42B2677F60036688F /* GameViewController.swift */,
				D3B0DAD62B2677F60036688F /* Main.storyboard */,
				D3FBCE6E2BE86A38003F16C9 /* Assets.xcassets */,
				D3FBCE6C2BE82493003F16C9 /* FireParticles.sks */,
				D3B0DADB2B2677F80036688F /* LaunchScreen.storyboard */,
			);
			path = HenweeStickman;
			sourceTree = "<group>";
		};
/* End PBXGroup section */

/* Begin PBXNativeTarget section */
		D3B0DAC82B2677F60036688F /* HenweeStickman */ = {
			isa = PBXNativeTarget;
			buildConfigurationList = D3B0DAE02B2677F80036688F /* Build configuration list for PBXNativeTarget "HenweeStickman" */;
			buildPhases = (
				D3B0DAC52B2677F60036688F /* Sources */,
				D3B0DAC62B2677F60036688F /* Frameworks */,
				D3B0DAC72B2677F60036688F /* Resources */,
			);
			buildRules = (
			);
			dependencies = (
			);
			name = HenweeStickman;
			productName = HenweeStickman;
			productReference = D3B0DAC92B2677F60036688F /* HenweeStickman.app */;
			productType = "com.apple.product-type.application";
		};
/* End PBXNativeTarget section */

/* Begin PBXProject section */
		D3B0DAC12B2677F60036688F /* Project object */ = {
			isa = PBXProject;
			attributes = {
				BuildIndependentTargetsInParallel = NO;
				LastSwiftUpdateCheck = 1500;
				LastUpgradeCheck = 1500;
				TargetAttributes = {
					D3B0DAC82B2677F60036688F = {
						CreatedOnToolsVersion = 15.0.1;
					};
				};
			};
			buildConfigurationList = D3B0DAC42B2677F60036688F /* Build configuration list for PBXProject "HenweeStickman" */;
			compatibilityVersion = "Xcode 14.0";
			developmentRegion = en;
			hasScannedForEncodings = 0;
			knownRegions = (
				en,
				Base,
			);
			mainGroup = D3B0DAC02B2677F60036688F;
			productRefGroup = D3B0DACA2B2677F60036688F /* Products */;
			projectDirPath = "";
			projectRoot = "";
			targets = (
				D3B0DAC82B2677F60036688F /* HenweeStickman */,
			);
		};
/* End PBXProject section */

/* Begin PBXResourcesBuildPhase section */
		D3B0DAC72B2677F60036688F /* Resources */ = {
			isa = PBXResourcesBuildPhase;
			buildActionMask = 2147483647;
			files = (
				D3B0DAD82B2677F60036688F /* Main.storyboard in Resources */,
				D3B0DACF2B2677F60036688F /* GameScene.sks in Resources */,
				D3FBCE6D2BE82493003F16C9 /* FireParticles.sks in Resources */,
				D3B0DADD2B2677F80036688F /* LaunchScreen.storyboard in Resources */,
				D3FBCE6F2BE86A38003F16C9 /* Assets.xcassets in Resources */,
			);
			runOnlyForDeploymentPostprocessing = 0;
		};
/* End PBXResourcesBuildPhase section */

/* Begin PBXSourcesBuildPhase section */
		D3B0DAC52B2677F60036688F /* Sources */ = {
			isa = PBXSourcesBuildPhase;
			buildActionMask = 2147483647;
			files = (
				D3B0DAD32B2677F60036688F /* GameScene.swift in Sources */,
				D3B0DAE82B27A5D70036688F /* Exit.swift in Sources */,
				D3B0DAD52B2677F60036688F /* GameViewController.swift in Sources */,
				D3B0DAE42B27A4500036688F /* Anchor.swift in Sources */,
				D3B0DAE62B27A5B70036688F /* Player.swift in Sources */,
				D3B0DACD2B2677F60036688F /* AppDelegate.swift in Sources */,
			);
			runOnlyForDeploymentPostprocessing = 0;
		};
/* End PBXSourcesBuildPhase section */

/* Begin PBXVariantGroup section */
		D3B0DAD62B2677F60036688F /* Main.storyboard */ = {
			isa = PBXVariantGroup;
			children = (
				D3B0DAD72B2677F60036688F /* Base */,
			);
			name = Main.storyboard;
			sourceTree = "<group>";
		};
		D3B0DADB2B2677F80036688F /* LaunchScreen.storyboard */ = {
			isa = PBXVariantGroup;
			children = (
				D3B0DADC2B2677F80036688F /* Base */,
			);
			name = LaunchScreen.storyboard;
			sourceTree = "<group>";
		};
/* End PBXVariantGroup section */

/* Begin XCBuildConfiguration section */
		D3B0DADE2B2677F80036688F /* Debug */ = {
			isa = XCBuildConfiguration;
			buildSettings = {
				ALWAYS_SEARCH_USER_PATHS = NO;
				ASSETCATALOG_COMPILER_GENERATE_SWIFT_ASSET_SYMBOL_EXTENSIONS = YES;
				CLANG_ANALYZER_NONNULL = YES;
				CLANG_ANALYZER_NUMBER_OBJECT_CONVERSION = YES_AGGRESSIVE;
				CLANG_CXX_LANGUAGE_STANDARD = "gnu++20";
				CLANG_ENABLE_MODULES = YES;
				CLANG_ENABLE_OBJC_ARC = YES;
				CLANG_ENABLE_OBJC_WEAK = YES;
				CLANG_WARN_BLOCK_CAPTURE_AUTORELEASING = YES;
				CLANG_WARN_BOOL_CONVERSION = YES;
				CLANG_WARN_COMMA = YES;
				CLANG_WARN_CONSTANT_CONVERSION = YES;
				CLANG_WARN_DEPRECATED_OBJC_IMPLEMENTATIONS = YES;
				CLANG_WARN_DIRECT_OBJC_ISA_USAGE = YES_ERROR;
				CLANG_WARN_DOCUMENTATION_COMMENTS = YES;
				CLANG_WARN_EMPTY_BODY = YES;
				CLANG_WARN_ENUM_CONVERSION = YES;
				CLANG_WARN_INFINITE_RECURSION = YES;
				CLANG_WARN_INT_CONVERSION = YES;
				CLANG_WARN_NON_LITERAL_NULL_CONVERSION = YES;
				CLANG_WARN_OBJC_IMPLICIT_RETAIN_SELF = YES;
				CLANG_WARN_OBJC_LITERAL_CONVERSION = YES;
				CLANG_WARN_OBJC_ROOT_CLASS = YES_ERROR;
				CLANG_WARN_QUOTED_INCLUDE_IN_FRAMEWORK_HEADER = YES;
				CLANG_WARN_RANGE_LOOP_ANALYSIS = YES;
				CLANG_WARN_STRICT_PROTOTYPES = YES;
				CLANG_WARN_SUSPICIOUS_MOVE = YES;
				CLANG_WARN_UNGUARDED_AVAILABILITY = YES_AGGRESSIVE;
				CLANG_WARN_UNREACHABLE_CODE = YES;
				CLANG_WARN__DUPLICATE_METHOD_MATCH = YES;
				COPY_PHASE_STRIP = NO;
				DEBUG_INFORMATION_FORMAT = dwarf;
				ENABLE_STRICT_OBJC_MSGSEND = YES;
				ENABLE_TESTABILITY = YES;
				ENABLE_USER_SCRIPT_SANDBOXING = YES;
				GCC_C_LANGUAGE_STANDARD = gnu17;
				GCC_DYNAMIC_NO_PIC = NO;
				GCC_NO_COMMON_BLOCKS = YES;
				GCC_OPTIMIZATION_LEVEL = 0;
				GCC_PREPROCESSOR_DEFINITIONS = (
					"DEBUG=1",
					"$(inherited)",
				);
				GCC_WARN_64_TO_32_BIT_CONVERSION = YES;
				GCC_WARN_ABOUT_RETURN_TYPE = YES_ERROR;
				GCC_WARN_UNDECLARED_SELECTOR = YES;
				GCC_WARN_UNINITIALIZED_AUTOS = YES_AGGRESSIVE;
				GCC_WARN_UNUSED_FUNCTION = YES;
				GCC_WARN_UNUSED_VARIABLE = YES;
				IPHONEOS_DEPLOYMENT_TARGET = 16.6;
				LOCALIZATION_PREFERS_STRING_CATALOGS = YES;
				MTL_ENABLE_DEBUG_INFO = INCLUDE_SOURCE;
				MTL_FAST_MATH = YES;
				ONLY_ACTIVE_ARCH = YES;
				SDKROOT = iphoneos;
				SWIFT_ACTIVE_COMPILATION_CONDITIONS = "DEBUG $(inherited)";
				SWIFT_OPTIMIZATION_LEVEL = "-Onone";
			};
			name = Debug;
		};
		D3B0DADF2B2677F80036688F /* Release */ = {
			isa = XCBuildConfiguration;
			buildSettings = {
				ALWAYS_SEARCH_USER_PATHS = NO;
				ASSETCATALOG_COMPILER_GENERATE_SWIFT_ASSET_SYMBOL_EXTENSIONS = YES;
				CLANG_ANALYZER_NONNULL = YES;
				CLANG_ANALYZER_NUMBER_OBJECT_CONVERSION = YES_AGGRESSIVE;
				CLANG_CXX_LANGUAGE_STANDARD = "gnu++20";
				CLANG_ENABLE_MODULES = YES;
				CLANG_ENABLE_OBJC_ARC = YES;
				CLANG_ENABLE_OBJC_WEAK = YES;
				CLANG_WARN_BLOCK_CAPTURE_AUTORELEASING = YES;
				CLANG_WARN_BOOL_CONVERSION = YES;
				CLANG_WARN_COMMA = YES;
				CLANG_WARN_CONSTANT_CONVERSION = YES;
				CLANG_WARN_DEPRECATED_OBJC_IMPLEMENTATIONS = YES;
				CLANG_WARN_DIRECT_OBJC_ISA_USAGE = YES_ERROR;
				CLANG_WARN_DOCUMENTATION_COMMENTS = YES;
				CLANG_WARN_EMPTY_BODY = YES;
				CLANG_WARN_ENUM_CONVERSION = YES;
				CLANG_WARN_INFINITE_RECURSION = YES;
				CLANG_WARN_INT_CONVERSION = YES;
				CLANG_WARN_NON_LITERAL_NULL_CONVERSION = YES;
				CLANG_WARN_OBJC_IMPLICIT_RETAIN_SELF = YES;
				CLANG_WARN_OBJC_LITERAL_CONVERSION = YES;
				CLANG_WARN_OBJC_ROOT_CLASS = YES_ERROR;
				CLANG_WARN_QUOTED_INCLUDE_IN_FRAMEWORK_HEADER = YES;
				CLANG_WARN_RANGE_LOOP_ANALYSIS = YES;
				CLANG_WARN_STRICT_PROTOTYPES = YES;
				CLANG_WARN_SUSPICIOUS_MOVE = YES;
				CLANG_WARN_UNGUARDED_AVAILABILITY = YES_AGGRESSIVE;
				CLANG_WARN_UNREACHABLE_CODE = YES;
				CLANG_WARN__DUPLICATE_METHOD_MATCH = YES;
				COPY_PHASE_STRIP = NO;
				DEBUG_INFORMATION_FORMAT = "dwarf-with-dsym";
				ENABLE_NS_ASSERTIONS = NO;
				ENABLE_STRICT_OBJC_MSGSEND = YES;
				ENABLE_USER_SCRIPT_SANDBOXING = YES;
				GCC_C_LANGUAGE_STANDARD = gnu17;
				GCC_NO_COMMON_BLOCKS = YES;
				GCC_WARN_64_TO_32_BIT_CONVERSION = YES;
				GCC_WARN_ABOUT_RETURN_TYPE = YES_ERROR;
				GCC_WARN_UNDECLARED_SELECTOR = YES;
				GCC_WARN_UNINITIALIZED_AUTOS = YES_AGGRESSIVE;
				GCC_WARN_UNUSED_FUNCTION = YES;
				GCC_WARN_UNUSED_VARIABLE = YES;
				IPHONEOS_DEPLOYMENT_TARGET = 16.6;
				LOCALIZATION_PREFERS_STRING_CATALOGS = YES;
				MTL_ENABLE_DEBUG_INFO = NO;
				MTL_FAST_MATH = YES;
				SDKROOT = iphoneos;
				SWIFT_COMPILATION_MODE = wholemodule;
				VALIDATE_PRODUCT = YES;
			};
			name = Release;
		};
		D3B0DAE12B2677F80036688F /* Debug */ = {
			isa = XCBuildConfiguration;
			buildSettings = {
				ASSETCATALOG_COMPILER_APPICON_NAME = AppIcon;
				ASSETCATALOG_COMPILER_GLOBAL_ACCENT_COLOR_NAME = AccentColor;
				CODE_SIGN_STYLE = Automatic;
				CURRENT_PROJECT_VERSION = 1;
				DEVELOPMENT_TEAM = TYMC9KMZ88;
				GENERATE_INFOPLIST_FILE = YES;
				INFOPLIST_KEY_UIApplicationSupportsIndirectInputEvents = YES;
				INFOPLIST_KEY_UILaunchStoryboardName = LaunchScreen;
				INFOPLIST_KEY_UIMainStoryboardFile = Main;
				INFOPLIST_KEY_UIStatusBarHidden = YES;
				INFOPLIST_KEY_UISupportedInterfaceOrientations = "UIInterfaceOrientationLandscapeLeft UIInterfaceOrientationLandscapeRight UIInterfaceOrientationPortrait";
				INFOPLIST_KEY_UISupportedInterfaceOrientations_iPad = "UIInterfaceOrientationLandscapeLeft UIInterfaceOrientationLandscapeRight";
				LD_RUNPATH_SEARCH_PATHS = (
					"$(inherited)",
					"@executable_path/Frameworks",
				);
				MARKETING_VERSION = 1.0;
				PRODUCT_BUNDLE_IDENTIFIER = EightBitGaming.HenweeStickman;
				PRODUCT_NAME = "$(TARGET_NAME)";
				SUPPORTED_PLATFORMS = "iphoneos iphonesimulator";
				SUPPORTS_MACCATALYST = NO;
				SUPPORTS_MAC_DESIGNED_FOR_IPHONE_IPAD = NO;
				SWIFT_EMIT_LOC_STRINGS = YES;
				SWIFT_VERSION = 5.0;
				TARGETED_DEVICE_FAMILY = 2;
			};
			name = Debug;
		};
		D3B0DAE22B2677F80036688F /* Release */ = {
			isa = XCBuildConfiguration;
			buildSettings = {
				ASSETCATALOG_COMPILER_APPICON_NAME = AppIcon;
				ASSETCATALOG_COMPILER_GLOBAL_ACCENT_COLOR_NAME = AccentColor;
				CODE_SIGN_STYLE = Automatic;
				CURRENT_PROJECT_VERSION = 1;
				DEVELOPMENT_TEAM = TYMC9KMZ88;
				GENERATE_INFOPLIST_FILE = YES;
				INFOPLIST_KEY_UIApplicationSupportsIndirectInputEvents = YES;
				INFOPLIST_KEY_UILaunchStoryboardName = LaunchScreen;
				INFOPLIST_KEY_UIMainStoryboardFile = Main;
				INFOPLIST_KEY_UIStatusBarHidden = YES;
				INFOPLIST_KEY_UISupportedInterfaceOrientations = "UIInterfaceOrientationLandscapeLeft UIInterfaceOrientationLandscapeRight UIInterfaceOrientationPortrait";
				INFOPLIST_KEY_UISupportedInterfaceOrientations_iPad = "UIInterfaceOrientationLandscapeLeft UIInterfaceOrientationLandscapeRight";
				LD_RUNPATH_SEARCH_PATHS = (
					"$(inherited)",
					"@executable_path/Frameworks",
				);
				MARKETING_VERSION = 1.0;
				PRODUCT_BUNDLE_IDENTIFIER = EightBitGaming.HenweeStickman;
				PRODUCT_NAME = "$(TARGET_NAME)";
				SUPPORTED_PLATFORMS = "iphoneos iphonesimulator";
				SUPPORTS_MACCATALYST = NO;
				SUPPORTS_MAC_DESIGNED_FOR_IPHONE_IPAD = NO;
				SWIFT_EMIT_LOC_STRINGS = YES;
				SWIFT_VERSION = 5.0;
				TARGETED_DEVICE_FAMILY = 2;
			};
			name = Release;
		};
/* End XCBuildConfiguration section */

/* Begin XCConfigurationList section */
		D3B0DAC42B2677F60036688F /* Build configuration list for PBXProject "HenweeStickman" */ = {
			isa = XCConfigurationList;
			buildConfigurations = (
				D3B0DADE2B2677F80036688F /* Debug */,
				D3B0DADF2B2677F80036688F /* Release */,
			);
			defaultConfigurationIsVisible = 0;
			defaultConfigurationName = Release;
		};
		D3B0DAE02B2677F80036688F /* Build configuration list for PBXNativeTarget "HenweeStickman" */ = {
			isa = XCConfigurationList;
			buildConfigurations = (
				D3B0DAE12B2677F80036688F /* Debug */,
				D3B0DAE22B2677F80036688F /* Release */,
			);
			defaultConfigurationIsVisible = 0;
			defaultConfigurationName = Release;
		};
/* End XCConfigurationList section */
	};
	rootObject = D3B0DAC12B2677F60036688F /* Project object */;
}
